
Microsoft Visual Studio Solution File, Format Version 12.00
# Visual Studio Version 17
VisualStudioVersion = 17.8.34316.72
MinimumVisualStudioVersion = 10.0.40219.1
Project("{8BC9CEB8-8B4A-11D0-8D11-00A0C91BC942}") = "Task3", "Task3.vcxproj", "{3BA08090-C24F-44BF-B2EC-C2A32A9561CA}"
EndProject
Global
	GlobalSection(SolutionConfigurationPlatforms) = preSolution
		Debug|x64 = Debug|x64
		Debug|x86 = Debug|x86
		Release|x64 = Release|x64
		Release|x86 = Release|x86
	EndGlobalSection
	GlobalSection(ProjectConfigurationPlatforms) = postSolution
		{3BA08090-C24F-44BF-B2EC-C2A32A9561CA}.Debug|x64.ActiveCfg = Debug|x64
		{3BA08090-C24F-44BF-B2EC-C2A32A9561CA}.Debug|x64.Build.0 = Debug|x64
		{3BA08090-C24F-44BF-B2EC-C2A32A9561CA}.Debug|x86.ActiveCfg = Debug|Win32
		{3BA08090-C24F-44BF-B2EC-C2A32A9561CA}.Debug|x86.Build.0 = Debug|Win32
		{3BA08090-C24F-44BF-B2EC-C2A32A9561CA}.Release|x64.ActiveCfg = Release|x64
		{3BA08090-C24F-44BF-B2EC-C2A32A9561CA}.Release|x64.Build.0 = Release|x64
		{3BA08090-C24F-44BF-B2EC-C2A32A9561CA}.Release|x86.ActiveCfg = Release|Win32
		{3BA08090-C24F-44BF-B2EC-C2A32A9561CA}.Release|x86.Build.0 = Release|Win32
	EndGlobalSection
	GlobalSection(SolutionProperties) = preSolution
		HideSolutionNode = FALSE
	EndGlobalSection
	GlobalSection(ExtensibilityGlobals) = postSolution
		SolutionGuid = {9107F037-E53B-4793-9205-93CF2C9FC41F}
	EndGlobalSection
EndGlobal
